
Microsoft Visual Studio Solution File, Format Version 12.00
# Visual Studio Version 16
VisualStudioVersion = 16.0.30011.22
MinimumVisualStudioVersion = 10.0.40219.1
Project("{2150E333-8FDC-42A3-9474-1A3956D46DE8}") = "BuildingBlocks", "BuildingBlocks", "{2EA72139-F169-4033-948E-828F14348C31}"
EndProject
Project("{2150E333-8FDC-42A3-9474-1A3956D46DE8}") = "Services", "Services", "{DCB543A5-B2D4-4C08-A9E3-EF2872B422AC}"
EndProject
Project("{2150E333-8FDC-42A3-9474-1A3956D46DE8}") = "Web", "Web", "{4F1D6C83-DC06-4E32-A706-3D12C86B7EA7}"
EndProject
Project("{2150E333-8FDC-42A3-9474-1A3956D46DE8}") = "Core", "Core", "{9C98A5ED-A08C-4318-841D-3F31FB31BC7F}"
EndProject
Project("{2150E333-8FDC-42A3-9474-1A3956D46DE8}") = "Carrinho", "Carrinho", "{FDA6F183-EFA5-4158-9C32-91627835E5E5}"
EndProject
Project("{2150E333-8FDC-42A3-9474-1A3956D46DE8}") = "Catalogo", "Catalogo", "{F1B4E989-17BF-4699-90CF-A15437FFCF40}"
EndProject
Project("{2150E333-8FDC-42A3-9474-1A3956D46DE8}") = "Cliente", "Cliente", "{6EDDD747-BE4E-4816-9234-F1EC49CA8DDF}"
EndProject
Project("{2150E333-8FDC-42A3-9474-1A3956D46DE8}") = "Identidade", "Identidade", "{3E55757C-6600-4CA8-A980-620D294E7252}"
EndProject
Project("{2150E333-8FDC-42A3-9474-1A3956D46DE8}") = "Pagamento", "Pagamento", "{F9B68361-4C01-4609-AE00-019F93234C03}"
EndProject
Project("{2150E333-8FDC-42A3-9474-1A3956D46DE8}") = "Pedido", "Pedido", "{81A0AFC8-7A79-4190-B314-A1BC6CE4D065}"
EndProject
Project("{2150E333-8FDC-42A3-9474-1A3956D46DE8}") = "MVC", "MVC", "{ACD0C894-191D-44B6-96A8-24F0F3CC1FE0}"
EndProject
Project("{9A19103F-16F7-4668-BE54-9A1E7A4F7556}") = "NSE.Core", "src\BuildingBlocks\NSE.Core\NSE.Core.csproj", "{C26E76E8-A8CC-40F1-AF5E-F8CE59257B18}"
EndProject
Project("{9A19103F-16F7-4668-BE54-9A1E7A4F7556}") = "NSE.Carrinho.API", "src\Services\NSE.Carrinho.API\NSE.Carrinho.API.csproj", "{87C715C1-77F5-41C4-B392-C7BB78CC7A96}"
EndProject
Project("{9A19103F-16F7-4668-BE54-9A1E7A4F7556}") = "NSE.Catalogo.API", "src\Services\NSE.Catalogo.API\NSE.Catalogo.API.csproj", "{F6F9BD01-A82F-46E7-8FAF-4C3873752AB0}"
EndProject
Project("{9A19103F-16F7-4668-BE54-9A1E7A4F7556}") = "NSE.Cliente.API", "src\Services\NSE.Cliente.API\NSE.Cliente.API.csproj", "{4A058E0E-9D8B-4F2A-9386-51BD888476AC}"
EndProject
Project("{9A19103F-16F7-4668-BE54-9A1E7A4F7556}") = "NSE.Identidade.API", "src\Services\NSE.Identidade.API\NSE.Identidade.API.csproj", "{ED961DC1-9001-4A6E-9FE8-B11CD557F9E2}"
EndProject
Project("{9A19103F-16F7-4668-BE54-9A1E7A4F7556}") = "NSE.Pagamento.API", "src\Services\NSE.Pagamento.API\NSE.Pagamento.API.csproj", "{698AED3E-FD0B-470C-892D-8C4A0B026C33}"
EndProject
Project("{9A19103F-16F7-4668-BE54-9A1E7A4F7556}") = "NSE.Pedido.API", "src\Services\NSE.Pedido.API\NSE.Pedido.API.csproj", "{FAF593B8-8D75-4205-8ADE-F6919BA2BD00}"
EndProject
Project("{9A19103F-16F7-4668-BE54-9A1E7A4F7556}") = "NSE.WebApp.MVC", "src\Web\NSE.WebApp.MVC\NSE.WebApp.MVC.csproj", "{7D2DABC3-2773-4925-A1B5-D2A2015C8335}"
EndProject
Project("{9A19103F-16F7-4668-BE54-9A1E7A4F7556}") = "NSE.WebAPI.Core", "src\BuildingBlocks\NSE.WebAPI.Core\NSE.WebAPI.Core.csproj", "{B6484B3F-F94E-41FF-90C4-DC0AB7EFB4A8}"
EndProject
Project("{FAE04EC0-301F-11D3-BF4B-00C04F79EFBC}") = "NSE.MessageBus", "src\BuildingBlocks\NSE.MessageBus\NSE.MessageBus.csproj", "{CD828B9E-DED0-4B30-9F82-88CCF388A6AF}"
EndProject
Project("{2150E333-8FDC-42A3-9474-1A3956D46DE8}") = "Tools", "Tools", "{975C1E45-D21E-4E49-A86D-82E3A103D865}"
EndProject
Project("{2150E333-8FDC-42A3-9474-1A3956D46DE8}") = "RabbitMQ", "RabbitMQ", "{9AE01627-C7E3-459B-BB1A-F0B2648B7384}"
	ProjectSection(SolutionItems) = preProject
		docker-compose.yml = docker-compose.yml
	EndProjectSection
EndProject
Project("{FAE04EC0-301F-11D3-BF4B-00C04F79EFBC}") = "NSE.Mail.API", "src\Services\NSE.Mail.API\NSE.Mail.API.csproj", "{EF5A37CB-30C4-4BBE-937B-CBB421BC8B33}"
EndProject
Project("{2150E333-8FDC-42A3-9474-1A3956D46DE8}") = "Mail", "Mail", "{F33E60CA-0EFD-4E5F-A0E2-8C6AFF347440}"
EndProject
Global
	GlobalSection(SolutionConfigurationPlatforms) = preSolution
		Debug|Any CPU = Debug|Any CPU
		Release|Any CPU = Release|Any CPU
	EndGlobalSection
	GlobalSection(ProjectConfigurationPlatforms) = postSolution
		{C26E76E8-A8CC-40F1-AF5E-F8CE59257B18}.Debug|Any CPU.ActiveCfg = Debug|Any CPU
		{C26E76E8-A8CC-40F1-AF5E-F8CE59257B18}.Debug|Any CPU.Build.0 = Debug|Any CPU
		{C26E76E8-A8CC-40F1-AF5E-F8CE59257B18}.Release|Any CPU.ActiveCfg = Release|Any CPU
		{C26E76E8-A8CC-40F1-AF5E-F8CE59257B18}.Release|Any CPU.Build.0 = Release|Any CPU
		{87C715C1-77F5-41C4-B392-C7BB78CC7A96}.Debug|Any CPU.ActiveCfg = Debug|Any CPU
		{87C715C1-77F5-41C4-B392-C7BB78CC7A96}.Debug|Any CPU.Build.0 = Debug|Any CPU
		{87C715C1-77F5-41C4-B392-C7BB78CC7A96}.Release|Any CPU.ActiveCfg = Release|Any CPU
		{87C715C1-77F5-41C4-B392-C7BB78CC7A96}.Release|Any CPU.Build.0 = Release|Any CPU
		{F6F9BD01-A82F-46E7-8FAF-4C3873752AB0}.Debug|Any CPU.ActiveCfg = Debug|Any CPU
		{F6F9BD01-A82F-46E7-8FAF-4C3873752AB0}.Debug|Any CPU.Build.0 = Debug|Any CPU
		{F6F9BD01-A82F-46E7-8FAF-4C3873752AB0}.Release|Any CPU.ActiveCfg = Release|Any CPU
		{F6F9BD01-A82F-46E7-8FAF-4C3873752AB0}.Release|Any CPU.Build.0 = Release|Any CPU
		{4A058E0E-9D8B-4F2A-9386-51BD888476AC}.Debug|Any CPU.ActiveCfg = Debug|Any CPU
		{4A058E0E-9D8B-4F2A-9386-51BD888476AC}.Debug|Any CPU.Build.0 = Debug|Any CPU
		{4A058E0E-9D8B-4F2A-9386-51BD888476AC}.Release|Any CPU.ActiveCfg = Release|Any CPU
		{4A058E0E-9D8B-4F2A-9386-51BD888476AC}.Release|Any CPU.Build.0 = Release|Any CPU
		{ED961DC1-9001-4A6E-9FE8-B11CD557F9E2}.Debug|Any CPU.ActiveCfg = Debug|Any CPU
		{ED961DC1-9001-4A6E-9FE8-B11CD557F9E2}.Debug|Any CPU.Build.0 = Debug|Any CPU
		{ED961DC1-9001-4A6E-9FE8-B11CD557F9E2}.Release|Any CPU.ActiveCfg = Release|Any CPU
		{ED961DC1-9001-4A6E-9FE8-B11CD557F9E2}.Release|Any CPU.Build.0 = Release|Any CPU
		{698AED3E-FD0B-470C-892D-8C4A0B026C33}.Debug|Any CPU.ActiveCfg = Debug|Any CPU
		{698AED3E-FD0B-470C-892D-8C4A0B026C33}.Debug|Any CPU.Build.0 = Debug|Any CPU
		{698AED3E-FD0B-470C-892D-8C4A0B026C33}.Release|Any CPU.ActiveCfg = Release|Any CPU
		{698AED3E-FD0B-470C-892D-8C4A0B026C33}.Release|Any CPU.Build.0 = Release|Any CPU
		{FAF593B8-8D75-4205-8ADE-F6919BA2BD00}.Debug|Any CPU.ActiveCfg = Debug|Any CPU
		{FAF593B8-8D75-4205-8ADE-F6919BA2BD00}.Debug|Any CPU.Build.0 = Debug|Any CPU
		{FAF593B8-8D75-4205-8ADE-F6919BA2BD00}.Release|Any CPU.ActiveCfg = Release|Any CPU
		{FAF593B8-8D75-4205-8ADE-F6919BA2BD00}.Release|Any CPU.Build.0 = Release|Any CPU
		{7D2DABC3-2773-4925-A1B5-D2A2015C8335}.Debug|Any CPU.ActiveCfg = Debug|Any CPU
		{7D2DABC3-2773-4925-A1B5-D2A2015C8335}.Debug|Any CPU.Build.0 = Debug|Any CPU
		{7D2DABC3-2773-4925-A1B5-D2A2015C8335}.Release|Any CPU.ActiveCfg = Release|Any CPU
		{7D2DABC3-2773-4925-A1B5-D2A2015C8335}.Release|Any CPU.Build.0 = Release|Any CPU
		{B6484B3F-F94E-41FF-90C4-DC0AB7EFB4A8}.Debug|Any CPU.ActiveCfg = Debug|Any CPU
		{B6484B3F-F94E-41FF-90C4-DC0AB7EFB4A8}.Debug|Any CPU.Build.0 = Debug|Any CPU
		{B6484B3F-F94E-41FF-90C4-DC0AB7EFB4A8}.Release|Any CPU.ActiveCfg = Release|Any CPU
		{B6484B3F-F94E-41FF-90C4-DC0AB7EFB4A8}.Release|Any CPU.Build.0 = Release|Any CPU
		{CD828B9E-DED0-4B30-9F82-88CCF388A6AF}.Debug|Any CPU.ActiveCfg = Debug|Any CPU
		{CD828B9E-DED0-4B30-9F82-88CCF388A6AF}.Debug|Any CPU.Build.0 = Debug|Any CPU
		{CD828B9E-DED0-4B30-9F82-88CCF388A6AF}.Release|Any CPU.ActiveCfg = Release|Any CPU
		{CD828B9E-DED0-4B30-9F82-88CCF388A6AF}.Release|Any CPU.Build.0 = Release|Any CPU
		{EF5A37CB-30C4-4BBE-937B-CBB421BC8B33}.Debug|Any CPU.ActiveCfg = Debug|Any CPU
		{EF5A37CB-30C4-4BBE-937B-CBB421BC8B33}.Debug|Any CPU.Build.0 = Debug|Any CPU
		{EF5A37CB-30C4-4BBE-937B-CBB421BC8B33}.Release|Any CPU.ActiveCfg = Release|Any CPU
		{EF5A37CB-30C4-4BBE-937B-CBB421BC8B33}.Release|Any CPU.Build.0 = Release|Any CPU
	EndGlobalSection
	GlobalSection(SolutionProperties) = preSolution
		HideSolutionNode = FALSE
	EndGlobalSection
	GlobalSection(NestedProjects) = preSolution
		{9C98A5ED-A08C-4318-841D-3F31FB31BC7F} = {2EA72139-F169-4033-948E-828F14348C31}
		{FDA6F183-EFA5-4158-9C32-91627835E5E5} = {DCB543A5-B2D4-4C08-A9E3-EF2872B422AC}
		{F1B4E989-17BF-4699-90CF-A15437FFCF40} = {DCB543A5-B2D4-4C08-A9E3-EF2872B422AC}
		{6EDDD747-BE4E-4816-9234-F1EC49CA8DDF} = {DCB543A5-B2D4-4C08-A9E3-EF2872B422AC}
		{3E55757C-6600-4CA8-A980-620D294E7252} = {DCB543A5-B2D4-4C08-A9E3-EF2872B422AC}
		{F9B68361-4C01-4609-AE00-019F93234C03} = {DCB543A5-B2D4-4C08-A9E3-EF2872B422AC}
		{81A0AFC8-7A79-4190-B314-A1BC6CE4D065} = {DCB543A5-B2D4-4C08-A9E3-EF2872B422AC}
		{ACD0C894-191D-44B6-96A8-24F0F3CC1FE0} = {4F1D6C83-DC06-4E32-A706-3D12C86B7EA7}
		{C26E76E8-A8CC-40F1-AF5E-F8CE59257B18} = {9C98A5ED-A08C-4318-841D-3F31FB31BC7F}
		{87C715C1-77F5-41C4-B392-C7BB78CC7A96} = {FDA6F183-EFA5-4158-9C32-91627835E5E5}
		{F6F9BD01-A82F-46E7-8FAF-4C3873752AB0} = {F1B4E989-17BF-4699-90CF-A15437FFCF40}
		{4A058E0E-9D8B-4F2A-9386-51BD888476AC} = {6EDDD747-BE4E-4816-9234-F1EC49CA8DDF}
		{ED961DC1-9001-4A6E-9FE8-B11CD557F9E2} = {3E55757C-6600-4CA8-A980-620D294E7252}
		{698AED3E-FD0B-470C-892D-8C4A0B026C33} = {F9B68361-4C01-4609-AE00-019F93234C03}
		{FAF593B8-8D75-4205-8ADE-F6919BA2BD00} = {81A0AFC8-7A79-4190-B314-A1BC6CE4D065}
		{7D2DABC3-2773-4925-A1B5-D2A2015C8335} = {ACD0C894-191D-44B6-96A8-24F0F3CC1FE0}
		{B6484B3F-F94E-41FF-90C4-DC0AB7EFB4A8} = {9C98A5ED-A08C-4318-841D-3F31FB31BC7F}
		{CD828B9E-DED0-4B30-9F82-88CCF388A6AF} = {9C98A5ED-A08C-4318-841D-3F31FB31BC7F}
		{9AE01627-C7E3-459B-BB1A-F0B2648B7384} = {975C1E45-D21E-4E49-A86D-82E3A103D865}
		{F33E60CA-0EFD-4E5F-A0E2-8C6AFF347440} = {DCB543A5-B2D4-4C08-A9E3-EF2872B422AC}
		{EF5A37CB-30C4-4BBE-937B-CBB421BC8B33} = {F33E60CA-0EFD-4E5F-A0E2-8C6AFF347440}
	EndGlobalSection
	GlobalSection(ExtensibilityGlobals) = postSolution
		SolutionGuid = {F8AAC72F-06E5-4F00-8D0E-9124E38A6E4A}
	EndGlobalSection
EndGlobal
